# THIS IS AN AUTOGENERATED FILE. DO NOT EDIT THIS FILE DIRECTLY.
# yarn lockfile v1


"@grpc/grpc-js@^1.8.0":
  version "1.14.0"
  resolved "https://registry.npmjs.org/@grpc/grpc-js/-/grpc-js-1.14.0.tgz"
  integrity sha512-N8Jx6PaYzcTRNzirReJCtADVoq4z7+1KQ4E70jTg/koQiMoUSN1kbNjPOqpPbhMFhfU1/l7ixspPl8dNY+FoUg==
  dependencies:
    "@grpc/proto-loader" "^0.8.0"
    "@js-sdsl/ordered-map" "^4.4.2"

"@grpc/proto-loader@^0.8.0":
  version "0.8.0"
  resolved "https://registry.npmjs.org/@grpc/proto-loader/-/proto-loader-0.8.0.tgz"
  integrity sha512-rc1hOQtjIWGxcxpb9aHAfLpIctjEnsDehj0DAiVfBlmT84uvR0uUtN2hEi/ecvWVjXUGf5qPF4qEgiLOx1YIMQ==
  dependencies:
    lodash.camelcase "^4.3.0"
    long "^5.0.0"
    protobufjs "^7.5.3"
    yargs "^17.7.2"

"@js-sdsl/ordered-map@^4.4.2":
  version "4.4.2"
  resolved "https://registry.npmjs.org/@js-sdsl/ordered-map/-/ordered-map-4.4.2.tgz"
  integrity sha512-iUKgm52T8HOE/makSxjqoWhe95ZJA1/G1sYsGev2JDKUSS14KAgg1LHb+Ba+IPow0xflbnSkOsZcO08C7w1gYw==

"@noble/hashes@^2.0.1":
  version "2.0.1"
  resolved "https://registry.npmjs.org/@noble/hashes/-/hashes-2.0.1.tgz"
  integrity sha512-XlOlEbQcE9fmuXxrVTXCTlG2nlRXa9Rj3rr5Ue/+tX+nmkgbX720YHh0VR3hBF9xDvwnb8D2shVGOwNx+ulArw==

"@protobufjs/aspromise@^1.1.1", "@protobufjs/aspromise@^1.1.2":
  version "1.1.2"
  resolved "https://registry.npmjs.org/@protobufjs/aspromise/-/aspromise-1.1.2.tgz"
  integrity sha512-j+gKExEuLmKwvz3OgROXtrJ2UG2x8Ch2YZUxahh+s1F2HZ+wAceUNLkvy6zKCPVRkU++ZWQrdxsUeQXmcg4uoQ==

"@protobufjs/base64@^1.1.2":
  version "1.1.2"
  resolved "https://registry.npmjs.org/@protobufjs/base64/-/base64-1.1.2.tgz"
  integrity sha512-AZkcAA5vnN/v4PDqKyMR5lx7hZttPDgClv83E//FMNhR2TMcLUhfRUBHCmSl0oi9zMgDDqRUJkSxO3wm85+XLg==

"@protobufjs/codegen@^2.0.4":
  version "2.0.4"
  resolved "https://registry.npmjs.org/@protobufjs/codegen/-/codegen-2.0.4.tgz"
  integrity sha512-YyFaikqM5sH0ziFZCN3xDC7zeGaB/d0IUb9CATugHWbd1FRFwWwt4ld4OYMPWu5a3Xe01mGAULCdqhMlPl29Jg==

"@protobufjs/eventemitter@^1.1.0":
  version "1.1.0"
  resolved "https://registry.npmjs.org/@protobufjs/eventemitter/-/eventemitter-1.1.0.tgz"
  integrity sha512-j9ednRT81vYJ9OfVuXG6ERSTdEL1xVsNgqpkxMsbIabzSo3goCjDIveeGv5d03om39ML71RdmrGNjG5SReBP/Q==

"@protobufjs/fetch@^1.1.0":
  version "1.1.0"
  resolved "https://registry.npmjs.org/@protobufjs/fetch/-/fetch-1.1.0.tgz"
  integrity sha512-lljVXpqXebpsijW71PZaCYeIcE5on1w5DlQy5WH6GLbFryLUrBD4932W/E2BSpfRJWseIL4v/KPgBFxDOIdKpQ==
  dependencies:
    "@protobufjs/aspromise" "^1.1.1"
    "@protobufjs/inquire" "^1.1.0"

"@protobufjs/float@^1.0.2":
  version "1.0.2"
  resolved "https://registry.npmjs.org/@protobufjs/float/-/float-1.0.2.tgz"
  integrity sha512-Ddb+kVXlXst9d+R9PfTIxh1EdNkgoRe5tOX6t01f1lYWOvJnSPDBlG241QLzcyPdoNTsblLUdujGSE4RzrTZGQ==

"@protobufjs/inquire@^1.1.0":
  version "1.1.0"
  resolved "https://registry.npmjs.org/@protobufjs/inquire/-/inquire-1.1.0.tgz"
  integrity sha512-kdSefcPdruJiFMVSbn801t4vFK7KB/5gd2fYvrxhuJYg8ILrmn9SKSX2tZdV6V+ksulWqS7aXjBcRXl3wHoD9Q==

"@protobufjs/path@^1.1.2":
  version "1.1.2"
  resolved "https://registry.npmjs.org/@protobufjs/path/-/path-1.1.2.tgz"
  integrity sha512-6JOcJ5Tm08dOHAbdR3GrvP+yUUfkjG5ePsHYczMFLq3ZmMkAD98cDgcT2iA1lJ9NVwFd4tH/iSSoe44YWkltEA==

"@protobufjs/pool@^1.1.0":
  version "1.1.0"
  resolved "https://registry.npmjs.org/@protobufjs/pool/-/pool-1.1.0.tgz"
  integrity sha512-0kELaGSIDBKvcgS4zkjz1PeddatrjYcmMWOlAuAPwAeccUrPHdUqo/J6LiymHHEiJT5NrF1UVwxY14f+fy4WQw==

"@protobufjs/utf8@^1.1.0":
  version "1.1.0"
  resolved "https://registry.npmjs.org/@protobufjs/utf8/-/utf8-1.1.0.tgz"
  integrity sha512-Vvn3zZrhQZkkBE8LSuW3em98c0FwgO4nxzv6OdSxPKJIEKY2bGbHn+mhGIPerzI4twdxaP8/0+06HBpwf345Lw==

"@solana/accounts@5.0.0":
  version "5.0.0"
  resolved "https://registry.npmjs.org/@solana/accounts/-/accounts-5.0.0.tgz"
  integrity sha512-0JzBdEobgp8NBdhhu+GgwNDh7e8KkHDsSTVZAnNQgvT3taOz0Mwv5E48MuEeDhW6DLFwWVAx/FO3pvibG/NGwA==
  dependencies:
    "@solana/addresses" "5.0.0"
    "@solana/codecs-core" "5.0.0"
    "@solana/codecs-strings" "5.0.0"
    "@solana/errors" "5.0.0"
    "@solana/rpc-spec" "5.0.0"
    "@solana/rpc-types" "5.0.0"

"@solana/addresses@5.0.0":
  version "5.0.0"
  resolved "https://registry.npmjs.org/@solana/addresses/-/addresses-5.0.0.tgz"
  integrity sha512-bVk+khc1ZZQHMri25csosM/ikuyPcB/CZidDM/ZMBX0CoJErpHJnmcID5mYOmv4/UHbqo2OANuEaGcFO0Q37sw==
  dependencies:
    "@solana/assertions" "5.0.0"
    "@solana/codecs-core" "5.0.0"
    "@solana/codecs-strings" "5.0.0"
    "@solana/errors" "5.0.0"
    "@solana/nominal-types" "5.0.0"

"@solana/assertions@5.0.0":
  version "5.0.0"
  resolved "https://registry.npmjs.org/@solana/assertions/-/assertions-5.0.0.tgz"
  integrity sha512-2kIykk90kYciQW6bp+KaE6jRd1Y2CgHPeJxxlc5chQnjhoG6eiD8VXvocs6AvqPTht0p/SoEj9jH5tT4oG/bcg==
  dependencies:
    "@solana/errors" "5.0.0"

"@solana/codecs-core@5.0.0":
  version "5.0.0"
  resolved "https://registry.npmjs.org/@solana/codecs-core/-/codecs-core-5.0.0.tgz"
  integrity sha512-rCG2d8OaamVF2/J//YyCgDqNJpUytVVltw9C8mJtEz5c6Se/LR6BFuG8g4xeJswq/ab4RFk5/HFdgbvNjKgQjA==
  dependencies:
    "@solana/errors" "5.0.0"

"@solana/codecs-data-structures@5.0.0":
  version "5.0.0"
  resolved "https://registry.npmjs.org/@solana/codecs-data-structures/-/codecs-data-structures-5.0.0.tgz"
  integrity sha512-y503Pqmv0LHcfcf0vQJGaxDvydQJbyCo8nK3nxn56EhFj5lBQ1NWb3WvTd83epigwuZurW2MhJARrpikfhQglQ==
  dependencies:
    "@solana/codecs-core" "5.0.0"
    "@solana/codecs-numbers" "5.0.0"
    "@solana/errors" "5.0.0"

"@solana/codecs-numbers@5.0.0":
  version "5.0.0"
  resolved "https://registry.npmjs.org/@solana/codecs-numbers/-/codecs-numbers-5.0.0.tgz"
  integrity sha512-a2+skRLuUK02f/XFe4L0e1+wHCyfK25PkyseFps1v1l4pvevukFwth/EhSyrs6w5CsTJRVoR7MuE3E00PM4egw==
  dependencies:
    "@solana/codecs-core" "5.0.0"
    "@solana/errors" "5.0.0"

"@solana/codecs-strings@5.0.0":
  version "5.0.0"
  resolved "https://registry.npmjs.org/@solana/codecs-strings/-/codecs-strings-5.0.0.tgz"
  integrity sha512-ALkRwpV8bGR6qjAYw0YXZwp2YI4wzvKOJGmx04Ut8gMdbaUx7qOcJkhEQKI6ZVC3lAWSIS1N1wGccUZDwvfKxw==
  dependencies:
    "@solana/codecs-core" "5.0.0"
    "@solana/codecs-numbers" "5.0.0"
    "@solana/errors" "5.0.0"

"@solana/codecs@5.0.0":
  version "5.0.0"
  resolved "https://registry.npmjs.org/@solana/codecs/-/codecs-5.0.0.tgz"
  integrity sha512-KOw0gFUSBxIMDWLJ3AkVFkEci91dw0Rpx3C6y83Our7fSW+SEP8vRZklCElieYR85LHVB1QIEhoeHR7rc+Ifkw==
  dependencies:
    "@solana/codecs-core" "5.0.0"
    "@solana/codecs-data-structures" "5.0.0"
    "@solana/codecs-numbers" "5.0.0"
    "@solana/codecs-strings" "5.0.0"
    "@solana/options" "5.0.0"

"@solana/errors@5.0.0":
  version "5.0.0"
  resolved "https://registry.npmjs.org/@solana/errors/-/errors-5.0.0.tgz"
  integrity sha512-gTuhzO6E+ydfAAzqmqdPcvFyJwAzFKKIrqtnZPpgAuomcPYu+HSo0tuwSM/cTX0djmHt+GoOsf/julph+nvs2w==
  dependencies:
    chalk "5.6.2"
    commander "14.0.1"

"@solana/fast-stable-stringify@5.0.0":
  version "5.0.0"
  resolved "https://registry.npmjs.org/@solana/fast-stable-stringify/-/fast-stable-stringify-5.0.0.tgz"
  integrity sha512-sGTbu7a4/olL+8EIOOJ7IZjzqOOpCJcK1UaVJ6015sRgo9vwGf4jg9KtXEYv5LVhLCTYmAb50L4BaIUcBph/Ig==

"@solana/functional@5.0.0":
  version "5.0.0"
  resolved "https://registry.npmjs.org/@solana/functional/-/functional-5.0.0.tgz"
  integrity sha512-UNBrpfzBL4dKD2iucjNnrkFbnjz5ZYDu2OvrIBAcCSQsxxgHMamUj1n3EDe6kl1us49YG1r05Ho8QLqNrbkVbw==

"@solana/instruction-plans@5.0.0":
  version "5.0.0"
  resolved "https://registry.npmjs.org/@solana/instruction-plans/-/instruction-plans-5.0.0.tgz"
  integrity sha512-n9oFOMFUPYKEhsXzrXT97QBQ2WvOTar+5SFEj/IOtRuCn4gl2kh0369cjXZpFwUdE3tmKr1zfYFNwbtiNx5pvg==
  dependencies:
    "@solana/errors" "5.0.0"
    "@solana/instructions" "5.0.0"
    "@solana/promises" "5.0.0"
    "@solana/transaction-messages" "5.0.0"
    "@solana/transactions" "5.0.0"

"@solana/instructions@5.0.0":
  version "5.0.0"
  resolved "https://registry.npmjs.org/@solana/instructions/-/instructions-5.0.0.tgz"
  integrity sha512-12dbrmwERT1o6NTr/Uvrjj/ZsiteSXoT5Gi+dnjIeRNHWg9H+gEFuFzJvTDVKlNg34CZ71xdvbVdbV0V8gKGvg==
  dependencies:
    "@solana/codecs-core" "5.0.0"
    "@solana/errors" "5.0.0"

"@solana/keys@5.0.0":
  version "5.0.0"
  resolved "https://registry.npmjs.org/@solana/keys/-/keys-5.0.0.tgz"
  integrity sha512-kWkR7NslpTttk5i1BhBNCDtVQDkEtgkdsM3Jp9TGPk0GFjBjBwrQStw3vvwLe8itEIvRFGFZU6JHEk8HLS0WLQ==
  dependencies:
    "@solana/assertions" "5.0.0"
    "@solana/codecs-core" "5.0.0"
    "@solana/codecs-strings" "5.0.0"
    "@solana/errors" "5.0.0"
    "@solana/nominal-types" "5.0.0"

"@solana/kit@^5.0.0":
  version "5.0.0"
  resolved "https://registry.npmjs.org/@solana/kit/-/kit-5.0.0.tgz"
  integrity sha512-3ahtzmmMgU+1l2YMhQJSKKm14IdvCycOE/m4XNMu/4icBIptmBgZxrmgRpPHqBilBa+Krp/hBuTg4HWl9IAgWw==
  dependencies:
    "@solana/accounts" "5.0.0"
    "@solana/addresses" "5.0.0"
    "@solana/codecs" "5.0.0"
    "@solana/errors" "5.0.0"
    "@solana/functional" "5.0.0"
    "@solana/instruction-plans" "5.0.0"
    "@solana/instructions" "5.0.0"
    "@solana/keys" "5.0.0"
    "@solana/programs" "5.0.0"
    "@solana/rpc" "5.0.0"
    "@solana/rpc-parsed-types" "5.0.0"
    "@solana/rpc-spec-types" "5.0.0"
    "@solana/rpc-subscriptions" "5.0.0"
    "@solana/rpc-types" "5.0.0"
    "@solana/signers" "5.0.0"
    "@solana/sysvars" "5.0.0"
    "@solana/transaction-confirmation" "5.0.0"
    "@solana/transaction-messages" "5.0.0"
    "@solana/transactions" "5.0.0"

"@solana/nominal-types@5.0.0":
  version "5.0.0"
  resolved "https://registry.npmjs.org/@solana/nominal-types/-/nominal-types-5.0.0.tgz"
  integrity sha512-Qn7xH4UG2rDAv+wAyheP4jWvX3oQmbZ/woxFZwug7PaRLvyjUswGr38Hil+SjiQyFDo+un1UqWM9N9yusUeeZQ==

"@solana/options@5.0.0":
  version "5.0.0"
  resolved "https://registry.npmjs.org/@solana/options/-/options-5.0.0.tgz"
  integrity sha512-ezHVBFb9FXVSn8LUVRD2tLb6fejU0x8KtGEYyCYh0J0pQuXSITV0IQCjcEopvu/ZxWdXOJyzjvmymnhz90on5A==
  dependencies:
    "@solana/codecs-core" "5.0.0"
    "@solana/codecs-data-structures" "5.0.0"
    "@solana/codecs-numbers" "5.0.0"
    "@solana/codecs-strings" "5.0.0"
    "@solana/errors" "5.0.0"

"@solana/programs@5.0.0":
  version "5.0.0"
  resolved "https://registry.npmjs.org/@solana/programs/-/programs-5.0.0.tgz"
  integrity sha512-BKOfBDrSUCJGZ+qKk2aFLu0nU9/84o6z/VDCJkLjaNNuTv8nOlSYq5flNzo1eyJmnpyW372qNvqqRN3AS23+FQ==
  dependencies:
    "@solana/addresses" "5.0.0"
    "@solana/errors" "5.0.0"

"@solana/promises@5.0.0":
  version "5.0.0"
  resolved "https://registry.npmjs.org/@solana/promises/-/promises-5.0.0.tgz"
  integrity sha512-Qmg3UfYfWINEUvBQL3DkPOq34tTg5cfrkPlDtJmi8RVifsPqb6hksbKZGu7ASLZohxIDGmnYQY6oELI7Me+5yw==

"@solana/rpc-api@5.0.0":
  version "5.0.0"
  resolved "https://registry.npmjs.org/@solana/rpc-api/-/rpc-api-5.0.0.tgz"
  integrity sha512-IJbZZnX2B1ldXPok1NhneXTYq9ZvdJbE5Pryr03pZTlPJaWGqDcZuQ14nwR4s6PoUUgdT+p87QlLZqLb8MusoQ==
  dependencies:
    "@solana/addresses" "5.0.0"
    "@solana/codecs-core" "5.0.0"
    "@solana/codecs-strings" "5.0.0"
    "@solana/errors" "5.0.0"
    "@solana/keys" "5.0.0"
    "@solana/rpc-parsed-types" "5.0.0"
    "@solana/rpc-spec" "5.0.0"
    "@solana/rpc-transformers" "5.0.0"
    "@solana/rpc-types" "5.0.0"
    "@solana/transaction-messages" "5.0.0"
    "@solana/transactions" "5.0.0"

"@solana/rpc-parsed-types@5.0.0":
  version "5.0.0"
  resolved "https://registry.npmjs.org/@solana/rpc-parsed-types/-/rpc-parsed-types-5.0.0.tgz"
  integrity sha512-fU9uqlOYAaBqgk2qCl+ntenBm7wuSFBRbIO/rVjeBPd/qPCvNZU+qFET+ERLK6wbCTSz0MmdHqPn1V8KCMOvZQ==

"@solana/rpc-spec-types@5.0.0":
  version "5.0.0"
  resolved "https://registry.npmjs.org/@solana/rpc-spec-types/-/rpc-spec-types-5.0.0.tgz"
  integrity sha512-B0P/ylXVaCG5oSIV+kB88s2qoW996D8iKhc7RyF0C/AyYvklF6kCwv0N9ZVrWp0ibjlQ8St290WbBHJyo7QZkA==

"@solana/rpc-spec@5.0.0":
  version "5.0.0"
  resolved "https://registry.npmjs.org/@solana/rpc-spec/-/rpc-spec-5.0.0.tgz"
  integrity sha512-1LD2SYEQ5bYhiBumznAPzymtxSX4nYLZd6u+FA0bAxNBVzHDvUUQzVSXHAoWROhlGrCyvtALTs9u0DIDlgZHCA==
  dependencies:
    "@solana/errors" "5.0.0"
    "@solana/rpc-spec-types" "5.0.0"

"@solana/rpc-subscriptions-api@5.0.0":
  version "5.0.0"
  resolved "https://registry.npmjs.org/@solana/rpc-subscriptions-api/-/rpc-subscriptions-api-5.0.0.tgz"
  integrity sha512-DGUn3C12swV2FConOlLFN14npIrCtnxehtMLjszMC7g6p/P6WNIz5uAgF7YcIkLBDV8uTeWhM0azmK+V8Qqhvg==
  dependencies:
    "@solana/addresses" "5.0.0"
    "@solana/keys" "5.0.0"
    "@solana/rpc-subscriptions-spec" "5.0.0"
    "@solana/rpc-transformers" "5.0.0"
    "@solana/rpc-types" "5.0.0"
    "@solana/transaction-messages" "5.0.0"
    "@solana/transactions" "5.0.0"

"@solana/rpc-subscriptions-channel-websocket@5.0.0":
  version "5.0.0"
  resolved "https://registry.npmjs.org/@solana/rpc-subscriptions-channel-websocket/-/rpc-subscriptions-channel-websocket-5.0.0.tgz"
  integrity sha512-vsYXyjVX/kExfpr91zfMKTmWKKFCM+dkhXQDAz5aEE7kAF3KSZDiOGeYvN8Rc85lbIt9QK6BLAT+NBMv4/N9Qg==
  dependencies:
    "@solana/errors" "5.0.0"
    "@solana/functional" "5.0.0"
    "@solana/rpc-subscriptions-spec" "5.0.0"
    "@solana/subscribable" "5.0.0"

"@solana/rpc-subscriptions-spec@5.0.0":
  version "5.0.0"
  resolved "https://registry.npmjs.org/@solana/rpc-subscriptions-spec/-/rpc-subscriptions-spec-5.0.0.tgz"
  integrity sha512-erRLvZMncwnciJP6I1SlAk0CyRGIgt83PyHWOVCRXENP9Q5dZbZ9pm4lar2yIp8EjIMnodGHsQWIlKc1hlCQlQ==
  dependencies:
    "@solana/errors" "5.0.0"
    "@solana/promises" "5.0.0"
    "@solana/rpc-spec-types" "5.0.0"
    "@solana/subscribable" "5.0.0"

"@solana/rpc-subscriptions@5.0.0":
  version "5.0.0"
  resolved "https://registry.npmjs.org/@solana/rpc-subscriptions/-/rpc-subscriptions-5.0.0.tgz"
  integrity sha512-cziOSzom/bwFZXViR9J+MxDsdLMcfvrXGw5Icng7dYODFKuVqfsDrQoG8uekJc4fREnbPEM2U+u9YnYSYbFbww==
  dependencies:
    "@solana/errors" "5.0.0"
    "@solana/fast-stable-stringify" "5.0.0"
    "@solana/functional" "5.0.0"
    "@solana/promises" "5.0.0"
    "@solana/rpc-spec-types" "5.0.0"
    "@solana/rpc-subscriptions-api" "5.0.0"
    "@solana/rpc-subscriptions-channel-websocket" "5.0.0"
    "@solana/rpc-subscriptions-spec" "5.0.0"
    "@solana/rpc-transformers" "5.0.0"
    "@solana/rpc-types" "5.0.0"
    "@solana/subscribable" "5.0.0"

"@solana/rpc-transformers@5.0.0":
  version "5.0.0"
  resolved "https://registry.npmjs.org/@solana/rpc-transformers/-/rpc-transformers-5.0.0.tgz"
  integrity sha512-EMHhSgfF6/T4FfHbLaBP08SIj1ZAjxJr6WPNZMHLV7Cup8UfiB9TNV+bPQkum7JbVQNhUKzkKEEmyYqPfQoV9w==
  dependencies:
    "@solana/errors" "5.0.0"
    "@solana/functional" "5.0.0"
    "@solana/nominal-types" "5.0.0"
    "@solana/rpc-spec-types" "5.0.0"
    "@solana/rpc-types" "5.0.0"

"@solana/rpc-transport-http@5.0.0":
  version "5.0.0"
  resolved "https://registry.npmjs.org/@solana/rpc-transport-http/-/rpc-transport-http-5.0.0.tgz"
  integrity sha512-RoIEvWp7yc7rIRzNkOyjLs2UQF0odIEMWj87dbD4Ir4hwTCGo/TSTfQF/8KDV2etdke3Fa1K+W1NkpG2POqWFg==
  dependencies:
    "@solana/errors" "5.0.0"
    "@solana/rpc-spec" "5.0.0"
    "@solana/rpc-spec-types" "5.0.0"
    undici-types "^7.16.0"

"@solana/rpc-types@5.0.0":
  version "5.0.0"
  resolved "https://registry.npmjs.org/@solana/rpc-types/-/rpc-types-5.0.0.tgz"
  integrity sha512-JMbhwnV6nX4ezJv/KmaElOR0r/MZTKzKpaz6cv7FopLNuPrYCBrRCZKuM2XQh6gUbt9Mey08/KBOmOGmzTbL/g==
  dependencies:
    "@solana/addresses" "5.0.0"
    "@solana/codecs-core" "5.0.0"
    "@solana/codecs-numbers" "5.0.0"
    "@solana/codecs-strings" "5.0.0"
    "@solana/errors" "5.0.0"
    "@solana/nominal-types" "5.0.0"

"@solana/rpc@5.0.0":
  version "5.0.0"
  resolved "https://registry.npmjs.org/@solana/rpc/-/rpc-5.0.0.tgz"
  integrity sha512-Myx/ZBmMHkgh9Di3tLzc+vd30f+6YC1JXr9+YmIHKEeqN/+iTHkDJU2E/hGRLy8vTOBOU7+2466A+dLnSVuGkg==
  dependencies:
    "@solana/errors" "5.0.0"
    "@solana/fast-stable-stringify" "5.0.0"
    "@solana/functional" "5.0.0"
    "@solana/rpc-api" "5.0.0"
    "@solana/rpc-spec" "5.0.0"
    "@solana/rpc-spec-types" "5.0.0"
    "@solana/rpc-transformers" "5.0.0"
    "@solana/rpc-transport-http" "5.0.0"
    "@solana/rpc-types" "5.0.0"

"@solana/signers@5.0.0":
  version "5.0.0"
  resolved "https://registry.npmjs.org/@solana/signers/-/signers-5.0.0.tgz"
  integrity sha512-9Hw6HekSEzj5O7UBBFPrxk96W5e8tMI3n7KbW7/QiKBDpuvYw9WtnjOsWUE7LqQoc1P0JjGEsrmxE9raQBLvuQ==
  dependencies:
    "@solana/addresses" "5.0.0"
    "@solana/codecs-core" "5.0.0"
    "@solana/errors" "5.0.0"
    "@solana/instructions" "5.0.0"
    "@solana/keys" "5.0.0"
    "@solana/nominal-types" "5.0.0"
    "@solana/transaction-messages" "5.0.0"
    "@solana/transactions" "5.0.0"

"@solana/subscribable@5.0.0":
  version "5.0.0"
  resolved "https://registry.npmjs.org/@solana/subscribable/-/subscribable-5.0.0.tgz"
  integrity sha512-C2TydIRRd5XUJ8asbARi67Sj/3DRLubWalnNoafBhDsrb88jsRVylntvwXgBw/+lwJdEPEsUnxvcdgdm+3lFlw==
  dependencies:
    "@solana/errors" "5.0.0"

"@solana/sysvars@5.0.0":
  version "5.0.0"
  resolved "https://registry.npmjs.org/@solana/sysvars/-/sysvars-5.0.0.tgz"
  integrity sha512-F/GEb2rS8mrgDd79lDPyu8za9jGE6cRlS4jHNeKCkvOCJxdKQbX34JIzx4kwzjtvk7O8/yrDHfGdpA8nBg/l4w==
  dependencies:
    "@solana/accounts" "5.0.0"
    "@solana/codecs" "5.0.0"
    "@solana/errors" "5.0.0"
    "@solana/rpc-types" "5.0.0"

"@solana/transaction-confirmation@5.0.0":
  version "5.0.0"
  resolved "https://registry.npmjs.org/@solana/transaction-confirmation/-/transaction-confirmation-5.0.0.tgz"
  integrity sha512-LpusTopYIuQC8hBCloExkTr4Z5/zdp5f4IIbzD5XFeW3xXPZytS3H1IDMGk4bmLdZi9zQNA4lnNHKra5IncRbw==
  dependencies:
    "@solana/addresses" "5.0.0"
    "@solana/codecs-strings" "5.0.0"
    "@solana/errors" "5.0.0"
    "@solana/keys" "5.0.0"
    "@solana/promises" "5.0.0"
    "@solana/rpc" "5.0.0"
    "@solana/rpc-subscriptions" "5.0.0"
    "@solana/rpc-types" "5.0.0"
    "@solana/transaction-messages" "5.0.0"
    "@solana/transactions" "5.0.0"

"@solana/transaction-messages@5.0.0":
  version "5.0.0"
  resolved "https://registry.npmjs.org/@solana/transaction-messages/-/transaction-messages-5.0.0.tgz"
  integrity sha512-rJLe1wUGW5DovQFV0gjXHXnriPxTBgZ3TvGWnjCu2OIBU8mcQkQVJ7zzVZY2IAYlmJ6OSF9nvzhSt/ncPbkJPg==
  dependencies:
    "@solana/addresses" "5.0.0"
    "@solana/codecs-core" "5.0.0"
    "@solana/codecs-data-structures" "5.0.0"
    "@solana/codecs-numbers" "5.0.0"
    "@solana/errors" "5.0.0"
    "@solana/functional" "5.0.0"
    "@solana/instructions" "5.0.0"
    "@solana/nominal-types" "5.0.0"
    "@solana/rpc-types" "5.0.0"

"@solana/transactions@5.0.0":
  version "5.0.0"
  resolved "https://registry.npmjs.org/@solana/transactions/-/transactions-5.0.0.tgz"
  integrity sha512-4TcsqH7JtgRKGGBIRRGz0n+tXu4h5TPPC49kkV0ygIndQaHW7FOZUYTwQ0epq0A5h9KYi+ClNbzF9xiuDbAD5Q==
  dependencies:
    "@solana/addresses" "5.0.0"
    "@solana/codecs-core" "5.0.0"
    "@solana/codecs-data-structures" "5.0.0"
    "@solana/codecs-numbers" "5.0.0"
    "@solana/codecs-strings" "5.0.0"
    "@solana/errors" "5.0.0"
    "@solana/functional" "5.0.0"
    "@solana/instructions" "5.0.0"
    "@solana/keys" "5.0.0"
    "@solana/nominal-types" "5.0.0"
    "@solana/rpc-types" "5.0.0"
    "@solana/transaction-messages" "5.0.0"

"@triton-one/yellowstone-grpc@^4.0.2":
  version "4.0.2"
  resolved "https://registry.npmjs.org/@triton-one/yellowstone-grpc/-/yellowstone-grpc-4.0.2.tgz"
  integrity sha512-RsHNbLz6zCU3OpQRBqKWcXqDDOKj1nxc/78LIt9kZWBU2kfYeFs7361eUpYE9Q3+BizjpCLF6BX9G1OitD76bw==
  dependencies:
    "@grpc/grpc-js" "^1.8.0"

"@tsconfig/recommended@^1.0.10":
  version "1.0.10"
  resolved "https://registry.npmjs.org/@tsconfig/recommended/-/recommended-1.0.10.tgz"
  integrity sha512-cGvydvg03lONp5Z9yaplW493Vw9/um7k588mvDkm+VFPF2PZUVPx0uswq4PFpeEySsLbQRETrDRhzh4Dmxaslw==

"@types/node@>=13.7.0":
  version "24.9.1"
  resolved "https://registry.npmjs.org/@types/node/-/node-24.9.1.tgz"
  integrity sha512-QoiaXANRkSXK6p0Duvt56W208du4P9Uye9hWLWgGMDTEoKPhuenzNcC4vGUmrNkiOKTlIrBoyNQYNpSwfEZXSg==
  dependencies:
    undici-types "~7.16.0"

ansi-regex@^5.0.1:
  version "5.0.1"
  resolved "https://registry.npmjs.org/ansi-regex/-/ansi-regex-5.0.1.tgz"
  integrity sha512-quJQXlTSUGL2LH9SUXo8VwsY4soanhgo6LNSm84E1LBcE8s3O0wpdiRzyR9z/ZZJMlMWv37qOOb9pdJlMUEKFQ==

ansi-styles@^4.0.0:
  version "4.3.0"
  resolved "https://registry.npmjs.org/ansi-styles/-/ansi-styles-4.3.0.tgz"
  integrity sha512-zbB9rCJAT1rbjiVDb2hqKFHNYLxgtk8NURxZ3IZwD3F6NtxbXZQCnnSi1Lkx+IDohdPlFp222wVALIheZJQSEg==
  dependencies:
    color-convert "^2.0.1"

anymatch@~3.1.2:
  version "3.1.3"
  resolved "https://registry.npmjs.org/anymatch/-/anymatch-3.1.3.tgz"
  integrity sha512-KMReFUr0B4t+D+OBkjR3KYqvocp2XaSzO55UcB6mgQMd3KbcE+mWTyvVV7D/zsdEbNnV6acZUutkiHQXvTr1Rw==
  dependencies:
    normalize-path "^3.0.0"
    picomatch "^2.0.4"

balanced-match@^1.0.0:
  version "1.0.2"
  resolved "https://registry.npmjs.org/balanced-match/-/balanced-match-1.0.2.tgz"
  integrity sha512-3oSeUO0TMV67hN1AmbXsK4yaqU7tjiHlbxRDZOpH0KW9+CeX4bRAaX0Anxt0tx2MrpRpWwQaPwIlISEJhYU5Pw==

base-x@^5.0.0:
  version "5.0.1"
  resolved "https://registry.npmjs.org/base-x/-/base-x-5.0.1.tgz"
  integrity sha512-M7uio8Zt++eg3jPj+rHMfCC+IuygQHHCOU+IYsVtik6FWjuYpVt/+MRKcgsAMHh8mMFAwnB+Bs+mTrFiXjMzKg==

binary-extensions@^2.0.0:
  version "2.3.0"
  resolved "https://registry.npmjs.org/binary-extensions/-/binary-extensions-2.3.0.tgz"
  integrity sha512-Ceh+7ox5qe7LJuLHoY0feh3pHuUDHAcRUeyL2VYghZwfpkNIy/+8Ocg0a3UuSoYzavmylwuLWQOf3hl0jjMMIw==

brace-expansion@^1.1.7:
  version "1.1.12"
  resolved "https://registry.npmjs.org/brace-expansion/-/brace-expansion-1.1.12.tgz"
  integrity sha512-9T9UjW3r0UW5c1Q7GTwllptXwhvYmEzFhzMfZ9H7FQWt+uZePjZPjBP/W1ZEyZ1twGWom5/56TF4lPcqjnDHcg==
  dependencies:
    balanced-match "^1.0.0"
    concat-map "0.0.1"

braces@~3.0.2:
  version "3.0.3"
  resolved "https://registry.npmjs.org/braces/-/braces-3.0.3.tgz"
  integrity sha512-yQbXgO/OSZVD2IsiLlro+7Hf6Q18EJrKSEsdoMzKePKXct3gvD8oLcOQdIzGupr5Fj+EDe8gO/lxc1BzfMpxvA==
  dependencies:
    fill-range "^7.1.1"

bs58@^6.0.0:
  version "6.0.0"
  resolved "https://registry.npmjs.org/bs58/-/bs58-6.0.0.tgz"
  integrity sha512-PD0wEnEYg6ijszw/u8s+iI3H17cTymlrwkKhDhPZq+Sokl3AU4htyBFTjAeNAlCCmg0f53g6ih3jATyCKftTfw==
  dependencies:
    base-x "^5.0.0"

chalk@5.6.2:
  version "5.6.2"
  resolved "https://registry.npmjs.org/chalk/-/chalk-5.6.2.tgz"
  integrity sha512-7NzBL0rN6fMUW+f7A6Io4h40qQlG+xGmtMxfbnH/K7TAtt8JQWVQK+6g0UXKMeVJoyV5EkkNsErQ8pVD3bLHbA==

chokidar@^3.5.2:
  version "3.6.0"
  resolved "https://registry.npmjs.org/chokidar/-/chokidar-3.6.0.tgz"
  integrity sha512-7VT13fmjotKpGipCW9JEQAusEPE+Ei8nl6/g4FBAmIm0GOOLMua9NDDo/DWp0ZAxCr3cPq5ZpBqmPAQgDda2Pw==
  dependencies:
    anymatch "~3.1.2"
    braces "~3.0.2"
    glob-parent "~5.1.2"
    is-binary-path "~2.1.0"
    is-glob "~4.0.1"
    normalize-path "~3.0.0"
    readdirp "~3.6.0"
  optionalDependencies:
    fsevents "~2.3.2"

cliui@^8.0.1:
  version "8.0.1"
  resolved "https://registry.npmjs.org/cliui/-/cliui-8.0.1.tgz"
  integrity sha512-BSeNnyus75C4//NQ9gQt1/csTXyo/8Sb+afLAkzAptFuMsod9HFokGNudZpi/oQV73hnVK+sR+5PVRMd+Dr7YQ==
  dependencies:
    string-width "^4.2.0"
    strip-ansi "^6.0.1"
    wrap-ansi "^7.0.0"

color-convert@^2.0.1:
  version "2.0.1"
  resolved "https://registry.npmjs.org/color-convert/-/color-convert-2.0.1.tgz"
  integrity sha512-RRECPsj7iu/xb5oKYcsFHSppFNnsj/52OVTRKb4zP5onXwVF3zVmmToNcOfGC+CRDpfK/U584fMg38ZHCaElKQ==
  dependencies:
    color-name "~1.1.4"

color-name@~1.1.4:
  version "1.1.4"
  resolved "https://registry.npmjs.org/color-name/-/color-name-1.1.4.tgz"
  integrity sha512-dOy+3AuW3a2wNbZHIuMZpTcgjGuLU/uBL/ubcZF9OXbDo8ff4O8yVp5Bf0efS8uEoYo5q4Fx7dY9OgQGXgAsQA==

commander@14.0.1:
  version "14.0.1"
  resolved "https://registry.npmjs.org/commander/-/commander-14.0.1.tgz"
  integrity sha512-2JkV3gUZUVrbNA+1sjBOYLsMZ5cEEl8GTFP2a4AVz5hvasAMCQ1D2l2le/cX+pV4N6ZU17zjUahLpIXRrnWL8A==

concat-map@0.0.1:
  version "0.0.1"
  resolved "https://registry.npmjs.org/concat-map/-/concat-map-0.0.1.tgz"
  integrity sha512-/Srv4dswyQNBfohGpz9o6Yb3Gz3SrUDqBH5rTuhGR7ahtlbYKnVxw2bCFMRljaA7EXHaXZ8wsHdodFvbkhKmqg==

debug@^4:
  version "4.4.3"
  resolved "https://registry.npmjs.org/debug/-/debug-4.4.3.tgz"
  integrity sha512-RGwwWnwQvkVfavKVt22FGLw+xYSdzARwm0ru6DhTVA3umU5hZc28V3kO4stgYryrTlLpuvgI9GiijltAjNbcqA==
  dependencies:
    ms "^2.1.3"

dotenv@^17.2.3:
  version "17.2.3"
  resolved "https://registry.npmjs.org/dotenv/-/dotenv-17.2.3.tgz"
  integrity sha512-JVUnt+DUIzu87TABbhPmNfVdBDt18BLOWjMUFJMSi/Qqg7NTYtabbvSNJGOJ7afbRuv9D/lngizHtP7QyLQ+9w==

emoji-regex@^8.0.0:
  version "8.0.0"
  resolved "https://registry.npmjs.org/emoji-regex/-/emoji-regex-8.0.0.tgz"
  integrity sha512-MSjYzcWNOA0ewAHpz0MxpYFvwg6yjy1NG3xteoqz644VCo/RPgnr1/GGt+ic3iJTzQ8Eu3TdM14SawnVUmGE6A==

escalade@^3.1.1:
  version "3.2.0"
  resolved "https://registry.npmjs.org/escalade/-/escalade-3.2.0.tgz"
  integrity sha512-WUj2qlxaQtO4g6Pq5c29GTcWGDyd8itL8zTlipgECz3JesAiiOKotd8JU6otB3PACgG6xkJUyVhboMS+bje/jA==

fastestsmallesttextencoderdecoder@^1.0.22:
  version "1.0.22"
  resolved "https://registry.npmjs.org/fastestsmallesttextencoderdecoder/-/fastestsmallesttextencoderdecoder-1.0.22.tgz"
  integrity sha512-Pb8d48e+oIuY4MaM64Cd7OW1gt4nxCHs7/ddPPZ/Ic3sg8yVGM7O9wDvZ7us6ScaUupzM+pfBolwtYhN1IxBIw==

fill-range@^7.1.1:
  version "7.1.1"
  resolved "https://registry.npmjs.org/fill-range/-/fill-range-7.1.1.tgz"
  integrity sha512-YsGpe3WHLK8ZYi4tWDg2Jy3ebRz2rXowDxnld4bkQB00cc/1Zw9AWnC0i9ztDJitivtQvaI9KaLyKrc+hBW0yg==
  dependencies:
    to-regex-range "^5.0.1"

get-caller-file@^2.0.5:
  version "2.0.5"
  resolved "https://registry.npmjs.org/get-caller-file/-/get-caller-file-2.0.5.tgz"
  integrity sha512-DyFP3BM/3YHTQOCUL/w0OZHR0lpKeGrxotcHWcqNEdnltqFwXVfhEBQ94eIo34AfQpo0rGki4cyIiftY06h2Fg==

glob-parent@~5.1.2:
  version "5.1.2"
  resolved "https://registry.npmjs.org/glob-parent/-/glob-parent-5.1.2.tgz"
  integrity sha512-AOIgSQCepiJYwP3ARnGx+5VnTu2HBYdzbGP45eLw1vr3zB3vZLeyed1sC9hnbcOc9/SrMyM5RPQrkGz4aS9Zow==
  dependencies:
    is-glob "^4.0.1"

has-flag@^3.0.0:
  version "3.0.0"
  resolved "https://registry.npmjs.org/has-flag/-/has-flag-3.0.0.tgz"
  integrity sha512-sKJf1+ceQBr4SMkvQnBDNDtf4TXpVhVGateu0t918bl30FnbE2m4vNLX+VWe/dpjlb+HugGYzW7uQXH98HPEYw==

ignore-by-default@^1.0.1:
  version "1.0.1"
  resolved "https://registry.npmjs.org/ignore-by-default/-/ignore-by-default-1.0.1.tgz"
  integrity sha512-Ius2VYcGNk7T90CppJqcIkS5ooHUZyIQK+ClZfMfMNFEF9VSE73Fq+906u/CWu92x4gzZMWOwfFYckPObzdEbA==

is-binary-path@~2.1.0:
  version "2.1.0"
  resolved "https://registry.npmjs.org/is-binary-path/-/is-binary-path-2.1.0.tgz"
  integrity sha512-ZMERYes6pDydyuGidse7OsHxtbI7WVeUEozgR/g7rd0xUimYNlvZRE/K2MgZTjWy725IfelLeVcEM97mmtRGXw==
  dependencies:
    binary-extensions "^2.0.0"

is-extglob@^2.1.1:
  version "2.1.1"
  resolved "https://registry.npmjs.org/is-extglob/-/is-extglob-2.1.1.tgz"
  integrity sha512-SbKbANkN603Vi4jEZv49LeVJMn4yGwsbzZworEoyEiutsN3nJYdbO36zfhGJ6QEDpOZIFkDtnq5JRxmvl3jsoQ==

is-fullwidth-code-point@^3.0.0:
  version "3.0.0"
  resolved "https://registry.npmjs.org/is-fullwidth-code-point/-/is-fullwidth-code-point-3.0.0.tgz"
  integrity sha512-zymm5+u+sCsSWyD9qNaejV3DFvhCKclKdizYaJUuHA83RLjb7nSuGnddCHGv0hk+KY7BMAlsWeK4Ueg6EV6XQg==

is-glob@^4.0.1, is-glob@~4.0.1:
  version "4.0.3"
  resolved "https://registry.npmjs.org/is-glob/-/is-glob-4.0.3.tgz"
  integrity sha512-xelSayHH36ZgE7ZWhli7pW34hNbNl8Ojv5KVmkJD4hBdD3th8Tfk9vYasLM+mXWOZhFkgZfxhLSnrwRr4elSSg==
  dependencies:
    is-extglob "^2.1.1"

is-number@^7.0.0:
  version "7.0.0"
  resolved "https://registry.npmjs.org/is-number/-/is-number-7.0.0.tgz"
  integrity sha512-41Cifkg6e8TylSpdtTpeLVMqvSBEVzTttHvERD741+pnZ8ANv0004MRL43QKPDlK9cGvNp6NZWZUBlbGXYxxng==

lodash.camelcase@^4.3.0:
  version "4.3.0"
  resolved "https://registry.npmjs.org/lodash.camelcase/-/lodash.camelcase-4.3.0.tgz"
  integrity sha512-TwuEnCnxbc3rAvhf/LbG7tJUDzhqXyFnv3dtzLOPgCG/hODL7WFnsbwktkD7yUV0RrreP/l1PALq/YSg6VvjlA==

long@^5.0.0:
  version "5.3.2"
  resolved "https://registry.npmjs.org/long/-/long-5.3.2.tgz"
  integrity sha512-mNAgZ1GmyNhD7AuqnTG3/VQ26o760+ZYBPKjPvugO8+nLbYfX6TVpJPseBvopbdY+qpZ/lKUnmEc1LeZYS3QAA==

minimatch@^3.1.2:
  version "3.1.2"
  resolved "https://registry.npmjs.org/minimatch/-/minimatch-3.1.2.tgz"
  integrity sha512-J7p63hRiAjw1NDEww1W7i37+ByIrOWO5XQQAzZ3VOcL0PNybwpfmV/N05zFAzwQ9USyEcX6t3UO+K5aqBQOIHw==
  dependencies:
    brace-expansion "^1.1.7"

ms@^2.1.3:
  version "2.1.3"
  resolved "https://registry.npmjs.org/ms/-/ms-2.1.3.tgz"
  integrity sha512-6FlzubTLZG3J2a/NVCAleEhjzq5oxgHyaCU9yYXvcLsvoVaHJq/s5xXI6/XXP6tz7R9xAOtHnSO/tXtF3WRTlA==

nodemon@^3.1.10:
  version "3.1.10"
  resolved "https://registry.npmjs.org/nodemon/-/nodemon-3.1.10.tgz"
  integrity sha512-WDjw3pJ0/0jMFmyNDp3gvY2YizjLmmOUQo6DEBY+JgdvW/yQ9mEeSw6H5ythl5Ny2ytb7f9C2nIbjSxMNzbJXw==
  dependencies:
    chokidar "^3.5.2"
    debug "^4"
    ignore-by-default "^1.0.1"
    minimatch "^3.1.2"
    pstree.remy "^1.1.8"
    semver "^7.5.3"
    simple-update-notifier "^2.0.0"
    supports-color "^5.5.0"
    touch "^3.1.0"
    undefsafe "^2.0.5"

normalize-path@^3.0.0, normalize-path@~3.0.0:
  version "3.0.0"
  resolved "https://registry.npmjs.org/normalize-path/-/normalize-path-3.0.0.tgz"
  integrity sha512-6eZs5Ls3WtCisHWp9S2GUy8dqkpGi4BVSz3GaqiE6ezub0512ESztXUwUB6C6IKbQkY2Pnb/mD4WYojCRwcwLA==

picomatch@^2.0.4, picomatch@^2.2.1:
  version "2.3.1"
  resolved "https://registry.npmjs.org/picomatch/-/picomatch-2.3.1.tgz"
  integrity sha512-JU3teHTNjmE2VCGFzuY8EXzCDVwEqB2a8fsIvwaStHhAWJEeVd1o1QD80CU6+ZdEXXSLbSsuLwJjkCBWqRQUVA==

protobufjs@^7.5.3:
  version "7.5.4"
  resolved "https://registry.npmjs.org/protobufjs/-/protobufjs-7.5.4.tgz"
  integrity sha512-CvexbZtbov6jW2eXAvLukXjXUW1TzFaivC46BpWc/3BpcCysb5Vffu+B3XHMm8lVEuy2Mm4XGex8hBSg1yapPg==
  dependencies:
    "@protobufjs/aspromise" "^1.1.2"
    "@protobufjs/base64" "^1.1.2"
    "@protobufjs/codegen" "^2.0.4"
    "@protobufjs/eventemitter" "^1.1.0"
    "@protobufjs/fetch" "^1.1.0"
    "@protobufjs/float" "^1.0.2"
    "@protobufjs/inquire" "^1.1.0"
    "@protobufjs/path" "^1.1.2"
    "@protobufjs/pool" "^1.1.0"
    "@protobufjs/utf8" "^1.1.0"
    "@types/node" ">=13.7.0"
    long "^5.0.0"

pstree.remy@^1.1.8:
  version "1.1.8"
  resolved "https://registry.npmjs.org/pstree.remy/-/pstree.remy-1.1.8.tgz"
  integrity sha512-77DZwxQmxKnu3aR542U+X8FypNzbfJ+C5XQDk3uWjWxn6151aIMGthWYRXTqT1E5oJvg+ljaa2OJi+VfvCOQ8w==

readdirp@~3.6.0:
  version "3.6.0"
  resolved "https://registry.npmjs.org/readdirp/-/readdirp-3.6.0.tgz"
  integrity sha512-hOS089on8RduqdbhvQ5Z37A0ESjsqz6qnRcffsMU3495FuTdqSm+7bhJ29JvIOsBDEEnan5DPu9t3To9VRlMzA==
  dependencies:
    picomatch "^2.2.1"

require-directory@^2.1.1:
  version "2.1.1"
  resolved "https://registry.npmjs.org/require-directory/-/require-directory-2.1.1.tgz"
  integrity sha512-fGxEI7+wsG9xrvdjsrlmL22OMTTiHRwAMroiEeMgq8gzoLC/PQr7RsRDSTLUg/bZAZtF+TVIkHc6/4RIKrui+Q==

semver@^7.5.3:
  version "7.7.3"
  resolved "https://registry.npmjs.org/semver/-/semver-7.7.3.tgz"
  integrity sha512-SdsKMrI9TdgjdweUSR9MweHA4EJ8YxHn8DFaDisvhVlUOe4BF1tLD7GAj0lIqWVl+dPb/rExr0Btby5loQm20Q==

simple-update-notifier@^2.0.0:
  version "2.0.0"
  resolved "https://registry.npmjs.org/simple-update-notifier/-/simple-update-notifier-2.0.0.tgz"
  integrity sha512-a2B9Y0KlNXl9u/vsW6sTIu9vGEpfKu2wRV6l1H3XEas/0gUIzGzBoP/IouTcUQbm9JWZLH3COxyn03TYlFax6w==
  dependencies:
    semver "^7.5.3"

string-width@^4.1.0, string-width@^4.2.0, string-width@^4.2.3:
  version "4.2.3"
  resolved "https://registry.npmjs.org/string-width/-/string-width-4.2.3.tgz"
  integrity sha512-wKyQRQpjJ0sIp62ErSZdGsjMJWsap5oRNihHhu6G7JVO/9jIB6UyevL+tXuOqrng8j/cxKTWyWUwvSTriiZz/g==
  dependencies:
    emoji-regex "^8.0.0"
    is-fullwidth-code-point "^3.0.0"
    strip-ansi "^6.0.1"

strip-ansi@^6.0.0, strip-ansi@^6.0.1:
  version "6.0.1"
  resolved "https://registry.npmjs.org/strip-ansi/-/strip-ansi-6.0.1.tgz"
  integrity sha512-Y38VPSHcqkFrCpFnQ9vuSXmquuv5oXOKpGeT6aGrr3o3Gc9AlVa6JBfUSOCnbxGGZF+/0ooI7KrPuUSztUdU5A==
  dependencies:
    ansi-regex "^5.0.1"

supports-color@^5.5.0:
  version "5.5.0"
  resolved "https://registry.npmjs.org/supports-color/-/supports-color-5.5.0.tgz"
  integrity sha512-QjVjwdXIt408MIiAqCX4oUKsgU2EqAGzs2Ppkm4aQYbjm+ZEWEcW4SfFNTr4uMNZma0ey4f5lgLrkB0aX0QMow==
  dependencies:
    has-flag "^3.0.0"

to-regex-range@^5.0.1:
  version "5.0.1"
  resolved "https://registry.npmjs.org/to-regex-range/-/to-regex-range-5.0.1.tgz"
  integrity sha512-65P7iz6X5yEr1cwcgvQxbbIw7Uk3gOy5dIdtZ4rDveLqhrdJP+Li/Hx6tyK0NEb+2GCyneCMJiGqrADCSNk8sQ==
  dependencies:
    is-number "^7.0.0"

touch@^3.1.0:
  version "3.1.1"
  resolved "https://registry.npmjs.org/touch/-/touch-3.1.1.tgz"
  integrity sha512-r0eojU4bI8MnHr8c5bNo7lJDdI2qXlWWJk6a9EAFG7vbhTjElYhBVS3/miuE0uOuoLdb8Mc/rVfsmm6eo5o9GA==

typescript@^5.0.0, typescript@>=5.3.3:
  version "5.9.3"
  resolved "https://registry.npmjs.org/typescript/-/typescript-5.9.3.tgz"
  integrity sha512-jl1vZzPDinLr9eUt3J/t7V6FgNEw9QjvBPdysz9KfQDD41fQrC2Y4vKQdiaUpFT4bXlb1RHhLpp8wtm6M5TgSw==

undefsafe@^2.0.5:
  version "2.0.5"
  resolved "https://registry.npmjs.org/undefsafe/-/undefsafe-2.0.5.tgz"
  integrity sha512-WxONCrssBM8TSPRqN5EmsjVrsv4A8X12J4ArBiiayv3DyyG3ZlIg6yysuuSYdZsVz3TKcTg2fd//Ujd4CHV1iA==

undici-types@^7.16.0, undici-types@~7.16.0:
  version "7.16.0"
  resolved "https://registry.npmjs.org/undici-types/-/undici-types-7.16.0.tgz"
  integrity sha512-Zz+aZWSj8LE6zoxD+xrjh4VfkIG8Ya6LvYkZqtUQGJPZjYl53ypCaUwWqo7eI0x66KBGeRo+mlBEkMSeSZ38Nw==

wrap-ansi@^7.0.0:
  version "7.0.0"
  resolved "https://registry.npmjs.org/wrap-ansi/-/wrap-ansi-7.0.0.tgz"
  integrity sha512-YVGIj2kamLSTxw6NsZjoBxfSwsn0ycdesmc4p+Q21c5zPuZ1pl+NfxVdxPtdHvmNVOQ6XSYG4AUtyt/Fi7D16Q==
  dependencies:
    ansi-styles "^4.0.0"
    string-width "^4.1.0"
    strip-ansi "^6.0.0"

ws@^8.18.0:
  version "8.18.3"
  resolved "https://registry.npmjs.org/ws/-/ws-8.18.3.tgz"
  integrity sha512-PEIGCY5tSlUt50cqyMXfCzX+oOPqN0vuGqWzbcJ2xvnkzkq46oOpz7dQaTDBdfICb4N14+GARUDw2XV2N4tvzg==

y18n@^5.0.5:
  version "5.0.8"
  resolved "https://registry.npmjs.org/y18n/-/y18n-5.0.8.tgz"
  integrity sha512-0pfFzegeDWJHJIAmTLRP2DwHjdF5s7jo9tuztdQxAhINCdvS+3nGINqPd00AphqJR/0LhANUS6/+7SCb98YOfA==

yargs-parser@^21.1.1:
  version "21.1.1"
  resolved "https://registry.npmjs.org/yargs-parser/-/yargs-parser-21.1.1.tgz"
  integrity sha512-tVpsJW7DdjecAiFpbIB1e3qxIQsE6NoPc5/eTdrbbIC4h0LVsWhnoa3g+m2HclBIujHzsxZ4VJVA+GUuc2/LBw==

yargs@^17.7.2:
  version "17.7.2"
  resolved "https://registry.npmjs.org/yargs/-/yargs-17.7.2.tgz"
  integrity sha512-7dSzzRQ++CKnNI/krKnYRV7JKKPUXMEh61soaHKg9mrWEhzFWhFnxPxGl+69cD1Ou63C13NUPCnmIcrvqCuM6w==
  dependencies:
    cliui "^8.0.1"
    escalade "^3.1.1"
    get-caller-file "^2.0.5"
    require-directory "^2.1.1"
    string-width "^4.2.3"
    y18n "^5.0.5"
    yargs-parser "^21.1.1"
